
Microsoft Visual Studio Solution File, Format Version 12.00
# Visual Studio Version 17
VisualStudioVersion = 17.5.33502.453
MinimumVisualStudioVersion = 10.0.40219.1
Project("{FAE04EC0-301F-11D3-BF4B-00C04F79EFBC}") = "Vista", "Vista\Vista.csproj", "{28236861-C3E7-48EB-9037-EACAC6A58EFA}"
EndProject
Global
	GlobalSection(SolutionConfigurationPlatforms) = preSolution
		Debug|Any CPU = Debug|Any CPU
		Release|Any CPU = Release|Any CPU
	EndGlobalSection
	GlobalSection(ProjectConfigurationPlatforms) = postSolution
		{28236861-C3E7-48EB-9037-EACAC6A58EFA}.Debug|Any CPU.ActiveCfg = Debug|Any CPU
		{28236861-C3E7-48EB-9037-EACAC6A58EFA}.Debug|Any CPU.Build.0 = Debug|Any CPU
		{28236861-C3E7-48EB-9037-EACAC6A58EFA}.Release|Any CPU.ActiveCfg = Release|Any CPU
		{28236861-C3E7-48EB-9037-EACAC6A58EFA}.Release|Any CPU.Build.0 = Release|Any CPU
	EndGlobalSection
	GlobalSection(SolutionProperties) = preSolution
		HideSolutionNode = FALSE
	EndGlobalSection
	GlobalSection(ExtensibilityGlobals) = postSolution
		SolutionGuid = {4BC90BFB-4FE6-4CB0-95EB-4108904520BB}
	EndGlobalSection
EndGlobal
